
Microsoft Visual Studio Solution File, Format Version 12.00
# Visual Studio Version 17
VisualStudioVersion = 17.14.36518.9
MinimumVisualStudioVersion = 10.0.40219.1
Project("{FAE04EC0-301F-11D3-BF4B-00C04F79EFBC}") = "USN PersonnelManager", "USN PersonnelManager\USN PersonnelManager.csproj", "{BFD9AF44-971D-4461-B798-EF5AEC8FA0C2}"
EndProject
Global
	GlobalSection(SolutionConfigurationPlatforms) = preSolution
		Debug|Any CPU = Debug|Any CPU
		Debug|x64 = Debug|x64
		Release|Any CPU = Release|Any CPU
		Release|x64 = Release|x64
		Test|Any CPU = Test|Any CPU
		Test|x64 = Test|x64
	EndGlobalSection
	GlobalSection(ProjectConfigurationPlatforms) = postSolution
		{BFD9AF44-971D-4461-B798-EF5AEC8FA0C2}.Debug|Any CPU.ActiveCfg = Debug|Any CPU
		{BFD9AF44-971D-4461-B798-EF5AEC8FA0C2}.Debug|Any CPU.Build.0 = Debug|Any CPU
		{BFD9AF44-971D-4461-B798-EF5AEC8FA0C2}.Debug|x64.ActiveCfg = Debug|x64
		{BFD9AF44-971D-4461-B798-EF5AEC8FA0C2}.Debug|x64.Build.0 = Debug|x64
		{BFD9AF44-971D-4461-B798-EF5AEC8FA0C2}.Release|Any CPU.ActiveCfg = Release|Any CPU
		{BFD9AF44-971D-4461-B798-EF5AEC8FA0C2}.Release|Any CPU.Build.0 = Release|Any CPU
		{BFD9AF44-971D-4461-B798-EF5AEC8FA0C2}.Release|x64.ActiveCfg = Release|x64
		{BFD9AF44-971D-4461-B798-EF5AEC8FA0C2}.Release|x64.Build.0 = Release|x64
		{BFD9AF44-971D-4461-B798-EF5AEC8FA0C2}.Test|Any CPU.ActiveCfg = Test|Any CPU
		{BFD9AF44-971D-4461-B798-EF5AEC8FA0C2}.Test|Any CPU.Build.0 = Test|Any CPU
		{BFD9AF44-971D-4461-B798-EF5AEC8FA0C2}.Test|x64.ActiveCfg = Test|x64
		{BFD9AF44-971D-4461-B798-EF5AEC8FA0C2}.Test|x64.Build.0 = Test|x64
	EndGlobalSection
	GlobalSection(SolutionProperties) = preSolution
		HideSolutionNode = FALSE
	EndGlobalSection
	GlobalSection(ExtensibilityGlobals) = postSolution
		SolutionGuid = {C4ECAC2B-BF2A-4754-A17E-A6E58B85A5E1}
	EndGlobalSection
EndGlobal
